        "eslint-plugin-storybook": "^9.1.5",
    "node_modules/@testing-library/user-event": {
      "version": "14.6.1",
      "resolved": "https://registry.npmjs.org/@testing-library/user-event/-/user-event-14.6.1.tgz",
      "integrity": "sha512-vq7fv0rnt+QTXgPxr5Hjc210p6YKq2kmdziLgnsZGgLJ9e6VAShx1pACLuRjd/AS/sr7phAR58OIIpf0LlmQNw==",
      "dev": true,
      "license": "MIT",
      "peer": true,
      "engines": {
        "node": ">=12",
        "npm": ">=6"
      },
      "peerDependencies": {
        "@testing-library/dom": ">=7.21.4"
      }
    },
    "node_modules/better-opn": {
      "version": "3.0.2",
      "resolved": "https://registry.npmjs.org/better-opn/-/better-opn-3.0.2.tgz",
      "integrity": "sha512-aVNobHnJqLiUelTaHat9DZ1qM2w0C0Eym4LPI/3JxOnSokGVdsl1T1kN7TFvsEAD8G47A6VKQ0TVHqbBnYMJlQ==",
      "dev": true,
      "license": "MIT",
      "peer": true,
      "dependencies": {
        "open": "^8.0.4"
      },
      "engines": {
        "node": ">=12.0.0"
      }
    },
    "node_modules/better-opn/node_modules/open": {
      "version": "8.4.2",
      "resolved": "https://registry.npmjs.org/open/-/open-8.4.2.tgz",
      "integrity": "sha512-7x81NCL719oNbsq/3mh+hVrAWmFuEYUqrq/Iw3kUzH8ReypT9QQ0BLoJS7/G9k6N81XjW4qHWtjWwe/9eLy1EQ==",
      "dev": true,
      "license": "MIT",
      "peer": true,
      "dependencies": {
        "define-lazy-prop": "^2.0.0",
        "is-docker": "^2.1.1",
        "is-wsl": "^2.2.0"
      },
      "engines": {
        "node": ">=12"
      },
      "funding": {
        "url": "https://github.com/sponsors/sindresorhus"
      }
    },
    "node_modules/eslint-plugin-storybook": {
      "version": "9.1.5",
      "resolved": "https://registry.npmjs.org/eslint-plugin-storybook/-/eslint-plugin-storybook-9.1.5.tgz",
      "integrity": "sha512-vCfaZ2Wk1N1vvK4vmNZoA6y2CYxJwbgIs6BE8/toPf4Z6hCAipoobP6a/30Rs0g/B2TSxTSj41TfrJKJrowpjQ==",
      "dev": true,
      "license": "MIT",
      "dependencies": {
        "@typescript-eslint/utils": "^8.8.1"
      },
      "engines": {
        "node": ">=20.0.0"
      },
      "peerDependencies": {
        "eslint": ">=8",
        "storybook": "^9.1.5"
      }
    },
    "node_modules/storybook": {
      "version": "9.1.5",
      "resolved": "https://registry.npmjs.org/storybook/-/storybook-9.1.5.tgz",
      "integrity": "sha512-cGwJ2AE6nxlwqQlOiI+HKX5qa7+FOV7Ha7Qa+GoASBIQSSnLfbY6UldgAxHCJGJOFtgW/wuqfDtNvni6sj1/OQ==",
      "dev": true,
      "license": "MIT",
      "peer": true,
      "dependencies": {
        "@storybook/global": "^5.0.0",
        "@testing-library/jest-dom": "^6.6.3",
        "@testing-library/user-event": "^14.6.1",
        "@vitest/expect": "3.2.4",
        "@vitest/mocker": "3.2.4",
        "@vitest/spy": "3.2.4",
        "better-opn": "^3.0.2",
        "esbuild": "^0.18.0 || ^0.19.0 || ^0.20.0 || ^0.21.0 || ^0.22.0 || ^0.23.0 || ^0.24.0 || ^0.25.0",
        "esbuild-register": "^3.5.0",
        "recast": "^0.23.5",
        "semver": "^7.6.2",
        "ws": "^8.18.0"
      },
      "bin": {
        "storybook": "bin/index.cjs"
      },
      "funding": {
        "type": "opencollective",
        "url": "https://opencollective.com/storybook"
      },
      "peerDependencies": {
        "prettier": "^2 || ^3"
      },
      "peerDependenciesMeta": {
        "prettier": {
          "optional": true
        }
      }
    },
    "node_modules/storybook/node_modules/@types/estree": {
      "version": "1.0.8",
      "resolved": "https://registry.npmjs.org/@types/estree/-/estree-1.0.8.tgz",
      "integrity": "sha512-dWHzHa2WqEXI/O1E9OjrocMTKJl2mSrEolh1Iomrv6U+JuNwaHXsXx9bLu5gG7BUWFIN0skIQJQ/L1rIex4X6w==",
      "dev": true,
      "license": "MIT",
      "peer": true
    },
    "node_modules/storybook/node_modules/@vitest/mocker": {
      "version": "3.2.4",
      "resolved": "https://registry.npmjs.org/@vitest/mocker/-/mocker-3.2.4.tgz",
      "integrity": "sha512-46ryTE9RZO/rfDd7pEqFl7etuyzekzEhUbTW3BvmeO/BcCMEgq59BKhek3dXDWgAj4oMK6OZi+vRr1wPW6qjEQ==",
      "dev": true,
      "license": "MIT",
      "peer": true,
      "dependencies": {
        "@vitest/spy": "3.2.4",
        "estree-walker": "^3.0.3",
        "magic-string": "^0.30.17"
      },
      "funding": {
        "url": "https://opencollective.com/vitest"
      },
      "peerDependencies": {
        "msw": "^2.4.9",
        "vite": "^5.0.0 || ^6.0.0 || ^7.0.0-0"
      },
      "peerDependenciesMeta": {
        "msw": {
          "optional": true
        },
        "vite": {
          "optional": true
        }
      }
    },
    "node_modules/storybook/node_modules/estree-walker": {
      "version": "3.0.3",
      "resolved": "https://registry.npmjs.org/estree-walker/-/estree-walker-3.0.3.tgz",
      "integrity": "sha512-7RUKfXgSMMkzt6ZuXmqapOurLGPPfgj6l9uRZ7lRGolvk0y2yocc35LdcxKC5PQZdn2DMqioAQ2NoWcrTKmm6g==",
      "dev": true,
      "license": "MIT",
      "peer": true,
      "dependencies": {
        "@types/estree": "^1.0.0"
      }
    },
    "node_modules/storybook/node_modules/semver": {
      "version": "7.7.2",
      "resolved": "https://registry.npmjs.org/semver/-/semver-7.7.2.tgz",
      "integrity": "sha512-RF0Fw+rO5AMf9MAyaRXI4AV0Ulj5lMHqVxxdSgiVbixSCXoEmmX/jk0CuJw4+3SqroYO9VoUh+HcuJivvtJemA==",
      "dev": true,
      "license": "ISC",
      "peer": true,
      "bin": {
        "semver": "bin/semver.js"
      },
      "engines": {
        "node": ">=10"
      }
    },
