        "prettier-plugin-tailwindcss": "^0.6.6",
        "stylelint-config-css-modules": "^4.5.1",
    "node_modules/postcss-media-query-parser": {
      "version": "0.2.3",
      "resolved": "https://registry.npmjs.org/postcss-media-query-parser/-/postcss-media-query-parser-0.2.3.tgz",
      "integrity": "sha512-3sOlxmbKcSHMjlUXQZKQ06jOswE7oVkXPxmZdoB1r5l0q6gTFTQSHxNxOrCccElbW7dxNytifNEo8qidX2Vsig==",
      "dev": true,
      "license": "MIT",
      "optional": true
    },
    "node_modules/prettier-plugin-tailwindcss": {
      "version": "0.6.14",
      "resolved": "https://registry.npmjs.org/prettier-plugin-tailwindcss/-/prettier-plugin-tailwindcss-0.6.14.tgz",
      "integrity": "sha512-pi2e/+ZygeIqntN+vC573BcW5Cve8zUB0SSAGxqpB4f96boZF4M3phPVoOFCeypwkpRYdi7+jQ5YJJUwrkGUAg==",
      "dev": true,
      "license": "MIT",
      "engines": {
        "node": ">=14.21.3"
      },
      "peerDependencies": {
        "@ianvs/prettier-plugin-sort-imports": "*",
        "@prettier/plugin-hermes": "*",
        "@prettier/plugin-oxc": "*",
        "@prettier/plugin-pug": "*",
        "@shopify/prettier-plugin-liquid": "*",
        "@trivago/prettier-plugin-sort-imports": "*",
        "@zackad/prettier-plugin-twig": "*",
        "prettier": "^3.0",
        "prettier-plugin-astro": "*",
        "prettier-plugin-css-order": "*",
        "prettier-plugin-import-sort": "*",
        "prettier-plugin-jsdoc": "*",
        "prettier-plugin-marko": "*",
        "prettier-plugin-multiline-arrays": "*",
        "prettier-plugin-organize-attributes": "*",
        "prettier-plugin-organize-imports": "*",
        "prettier-plugin-sort-imports": "*",
        "prettier-plugin-style-order": "*",
        "prettier-plugin-svelte": "*"
      },
      "peerDependenciesMeta": {
        "@ianvs/prettier-plugin-sort-imports": {
          "optional": true
        },
        "@prettier/plugin-hermes": {
          "optional": true
        },
        "@prettier/plugin-oxc": {
          "optional": true
        },
        "@prettier/plugin-pug": {
          "optional": true
        },
        "@shopify/prettier-plugin-liquid": {
          "optional": true
        },
        "@trivago/prettier-plugin-sort-imports": {
          "optional": true
        },
        "@zackad/prettier-plugin-twig": {
          "optional": true
        },
        "prettier-plugin-astro": {
          "optional": true
        },
        "prettier-plugin-css-order": {
          "optional": true
        },
        "prettier-plugin-import-sort": {
          "optional": true
        },
        "prettier-plugin-jsdoc": {
          "optional": true
        },
        "prettier-plugin-marko": {
          "optional": true
        },
        "prettier-plugin-multiline-arrays": {
          "optional": true
        },
        "prettier-plugin-organize-attributes": {
          "optional": true
        },
        "prettier-plugin-organize-imports": {
          "optional": true
        },
        "prettier-plugin-sort-imports": {
          "optional": true
        },
        "prettier-plugin-style-order": {
          "optional": true
        },
        "prettier-plugin-svelte": {
          "optional": true
        }
      }
    },
    "node_modules/stylelint-config-css-modules": {
      "version": "4.5.1",
      "resolved": "https://registry.npmjs.org/stylelint-config-css-modules/-/stylelint-config-css-modules-4.5.1.tgz",
      "integrity": "sha512-xRMvAOVWa8h3Dw2NmanJHuPqMUInmMoBy14kkJDT2xs2xevxl7WnQOe/nDAMvgf9NkodzKrhKZ97E61yQOKkDA==",
      "dev": true,
      "license": "Unlicense",
      "optionalDependencies": {
        "stylelint-scss": "^6.12.1"
      },
      "peerDependencies": {
        "stylelint": "^14.5.1 || ^15.0.0 || ^16.0.0"
      }
    },
    "node_modules/stylelint-scss": {
      "version": "6.12.1",
      "resolved": "https://registry.npmjs.org/stylelint-scss/-/stylelint-scss-6.12.1.tgz",
      "integrity": "sha512-UJUfBFIvXfly8WKIgmqfmkGKPilKB4L5j38JfsDd+OCg2GBdU0vGUV08Uw82tsRZzd4TbsUURVVNGeOhJVF7pA==",
      "dev": true,
      "license": "MIT",
      "optional": true,
      "dependencies": {
        "css-tree": "^3.0.1",
        "is-plain-object": "^5.0.0",
        "known-css-properties": "^0.36.0",
        "mdn-data": "^2.21.0",
        "postcss-media-query-parser": "^0.2.3",
        "postcss-resolve-nested-selector": "^0.1.6",
        "postcss-selector-parser": "^7.1.0",
        "postcss-value-parser": "^4.2.0"
      },
      "engines": {
        "node": ">=18.12.0"
      },
      "peerDependencies": {
        "stylelint": "^16.0.2"
      }
    },
    "node_modules/stylelint-scss/node_modules/is-plain-object": {
      "version": "5.0.0",
      "resolved": "https://registry.npmjs.org/is-plain-object/-/is-plain-object-5.0.0.tgz",
      "integrity": "sha512-VRSzKkbMm5jMDoKLbltAkFQ5Qr7VDiTFGXxYFXXowVj387GeGNOCsOH6Msy00SGZ3Fp84b1Naa1psqgcCIEP5Q==",
      "dev": true,
      "license": "MIT",
      "optional": true,
      "engines": {
        "node": ">=0.10.0"
      }
    },
    "node_modules/stylelint-scss/node_modules/known-css-properties": {
      "version": "0.36.0",
      "resolved": "https://registry.npmjs.org/known-css-properties/-/known-css-properties-0.36.0.tgz",
      "integrity": "sha512-A+9jP+IUmuQsNdsLdcg6Yt7voiMF/D4K83ew0OpJtpu+l34ef7LaohWV0Rc6KNvzw6ZDizkqfyB5JznZnzuKQA==",
      "dev": true,
      "license": "MIT",
      "optional": true
    },
    "node_modules/stylelint-scss/node_modules/mdn-data": {
      "version": "2.25.0",
      "resolved": "https://registry.npmjs.org/mdn-data/-/mdn-data-2.25.0.tgz",
      "integrity": "sha512-T2LPsjgUE/tgMmRXREVmwsux89DwWfNjiynOeXuLd2mX6jphGQ2YE3Ukz7LQ2VOFKiVZU/Ee1GqzHiipZCjymw==",
      "dev": true,
      "license": "CC0-1.0",
      "optional": true
    },
    "node_modules/stylelint-scss/node_modules/postcss-selector-parser": {
      "version": "7.1.0",
      "resolved": "https://registry.npmjs.org/postcss-selector-parser/-/postcss-selector-parser-7.1.0.tgz",
      "integrity": "sha512-8sLjZwK0R+JlxlYcTuVnyT2v+htpdrjDOKuMcOVdYjt52Lh8hWRYpxBPoKx/Zg+bcjc3wx6fmQevMmUztS/ccA==",
      "dev": true,
      "license": "MIT",
      "optional": true,
      "dependencies": {
        "cssesc": "^3.0.0",
        "util-deprecate": "^1.0.2"
      },
      "engines": {
        "node": ">=4"
      }
    },
